// !$*UTF8*$!
{
	archiveVersion = 1;
	classes = {
	};
	objectVersion = 55;
	objects = {

/* Begin PBXBuildFile section */
		9624DEF927689BBC00F42F23 /* To_DoListApp.swift in Sources */ = {isa = PBXBuildFile; fileRef = 9624DEF827689BBC00F42F23 /* To_DoListApp.swift */; };
		9624DEFB27689BBC00F42F23 /* ContentView.swift in Sources */ = {isa = PBXBuildFile; fileRef = 9624DEFA27689BBC00F42F23 /* ContentView.swift */; };
		9624DEFD27689BBD00F42F23 /* Assets.xcassets in Resources */ = {isa = PBXBuildFile; fileRef = 9624DEFC27689BBD00F42F23 /* Assets.xcassets */; };
		9624DF0027689BBE00F42F23 /* Preview Assets.xcassets in Resources */ = {isa = PBXBuildFile; fileRef = 9624DEFF27689BBE00F42F23 /* Preview Assets.xcassets */; };
		9624DF0A27689BBE00F42F23 /* To_DoListTests.swift in Sources */ = {isa = PBXBuildFile; fileRef = 9624DF0927689BBE00F42F23 /* To_DoListTests.swift */; };
		9624DF1427689BBE00F42F23 /* To_DoListUITests.swift in Sources */ = {isa = PBXBuildFile; fileRef = 9624DF1327689BBE00F42F23 /* To_DoListUITests.swift */; };
		9624DF1627689BBE00F42F23 /* To_DoListUITestsLaunchTests.swift in Sources */ = {isa = PBXBuildFile; fileRef = 9624DF1527689BBE00F42F23 /* To_DoListUITestsLaunchTests.swift */; };
/* End PBXBuildFile section */

/* Begin PBXContainerItemProxy section */
		9624DF0627689BBE00F42F23 /* PBXContainerItemProxy */ = {
			isa = PBXContainerItemProxy;
			containerPortal = 9624DEED27689BBC00F42F23 /* Project object */;
			proxyType = 1;
			remoteGlobalIDString = 9624DEF427689BBC00F42F23;
			remoteInfo = "To-DoList";
		};
		9624DF1027689BBE00F42F23 /* PBXContainerItemProxy */ = {
			isa = PBXContainerItemProxy;
			containerPortal = 9624DEED27689BBC00F42F23 /* Project object */;
			proxyType = 1;
			remoteGlobalIDString = 9624DEF427689BBC00F42F23;
			remoteInfo = "To-DoList";
		};
/* End PBXContainerItemProxy section */

/* Begin PBXFileReference section */
		9624DEF527689BBC00F42F23 /* To-DoList.app */ = {isa = PBXFileReference; explicitFileType = wrapper.application; includeInIndex = 0; path = "To-DoList.app"; sourceTree = BUILT_PRODUCTS_DIR; };
		9624DEF827689BBC00F42F23 /* To_DoListApp.swift */ = {isa = PBXFileReference; lastKnownFileType = sourcecode.swift; path = To_DoListApp.swift; sourceTree = "<group>"; };
		9624DEFA27689BBC00F42F23 /* ContentView.swift */ = {isa = PBXFileReference; lastKnownFileType = sourcecode.swift; path = ContentView.swift; sourceTree = "<group>"; };
		9624DEFC27689BBD00F42F23 /* Assets.xcassets */ = {isa = PBXFileReference; lastKnownFileType = folder.assetcatalog; path = Assets.xcassets; sourceTree = "<group>"; };
		9624DEFF27689BBE00F42F23 /* Preview Assets.xcassets */ = {isa = PBXFileReference; lastKnownFileType = folder.assetcatalog; path = "Preview Assets.xcassets"; sourceTree = "<group>"; };
		9624DF0527689BBE00F42F23 /* To-DoListTests.xctest */ = {isa = PBXFileReference; explicitFileType = wrapper.cfbundle; includeInIndex = 0; path = "To-DoListTests.xctest"; sourceTree = BUILT_PRODUCTS_DIR; };
		9624DF0927689BBE00F42F23 /* To_DoListTests.swift */ = {isa = PBXFileReference; lastKnownFileType = sourcecode.swift; path = To_DoListTests.swift; sourceTree = "<group>"; };
		9624DF0F27689BBE00F42F23 /* To-DoListUITests.xctest */ = {isa = PBXFileReference; explicitFileType = wrapper.cfbundle; includeInIndex = 0; path = "To-DoListUITests.xctest"; sourceTree = BUILT_PRODUCTS_DIR; };
		9624DF1327689BBE00F42F23 /* To_DoListUITests.swift */ = {isa = PBXFileReference; lastKnownFileType = sourcecode.swift; path = To_DoListUITests.swift; sourceTree = "<group>"; };
		9624DF1527689BBE00F42F23 /* To_DoListUITestsLaunchTests.swift */ = {isa = PBXFileReference; lastKnownFileType = sourcecode.swift; path = To_DoListUITestsLaunchTests.swift; sourceTree = "<group>"; };
/* End PBXFileReference section */

/* Begin PBXFrameworksBuildPhase section */
		9624DEF227689BBC00F42F23 /* Frameworks */ = {
			isa = PBXFrameworksBuildPhase;
			buildActionMask = 2147483647;
			files = (
			);
			runOnlyForDeploymentPostprocessing = 0;
		};
		9624DF0227689BBE00F42F23 /* Frameworks */ = {
			isa = PBXFrameworksBuildPhase;
			buildActionMask = 2147483647;
			files = (
			);
			runOnlyForDeploymentPostprocessing = 0;
		};
		9624DF0C27689BBE00F42F23 /* Frameworks */ = {
			isa = PBXFrameworksBuildPhase;
			buildActionMask = 2147483647;
			files = (
			);
			runOnlyForDeploymentPostprocessing = 0;
		};
/* End PBXFrameworksBuildPhase section */

/* Begin PBXGroup section */
		9624DEEC27689BBC00F42F23 = {
			isa = PBXGroup;
			children = (
				9624DEF727689BBC00F42F23 /* To-DoList */,
				9624DF0827689BBE00F42F23 /* To-DoListTests */,
				9624DF1227689BBE00F42F23 /* To-DoListUITests */,
				9624DEF627689BBC00F42F23 /* Products */,
			);
			sourceTree = "<group>";
		};
		9624DEF627689BBC00F42F23 /* Products */ = {
			isa = PBXGroup;
			children = (
				9624DEF527689BBC00F42F23 /* To-DoList.app */,
				9624DF0527689BBE00F42F23 /* To-DoListTests.xctest */,
				9624DF0F27689BBE00F42F23 /* To-DoListUITests.xctest */,
			);
			name = Products;
			sourceTree = "<group>";
		};
		9624DEF727689BBC00F42F23 /* To-DoList */ = {
			isa = PBXGroup;
			children = (
				9624DEF827689BBC00F42F23 /* To_DoListApp.swift */,
				9624DEFA27689BBC00F42F23 /* ContentView.swift */,
				9624DEFC27689BBD00F42F23 /* Assets.xcassets */,
				9624DEFE27689BBE00F42F23 /* Preview Content */,
			);
			path = "To-DoList";
			sourceTree = "<group>";
		};
		9624DEFE27689BBE00F42F23 /* Preview Content */ = {
			isa = PBXGroup;
			children = (
				9624DEFF27689BBE00F42F23 /* Preview Assets.xcassets */,
			);
			path = "Preview Content";
			sourceTree = "<group>";
		};
		9624DF0827689BBE00F42F23 /* To-DoListTests */ = {
			isa = PBXGroup;
			children = (
				9624DF0927689BBE00F42F23 /* To_DoListTests.swift */,
			);
			path = "To-DoListTests";
			sourceTree = "<group>";
		};
		9624DF1227689BBE00F42F23 /* To-DoListUITests */ = {
			isa = PBXGroup;
			children = (
				9624DF1327689BBE00F42F23 /* To_DoListUITests.swift */,
				9624DF1527689BBE00F42F23 /* To_DoListUITestsLaunchTests.swift */,
			);
			path = "To-DoListUITests";
			sourceTree = "<group>";
		};
/* End PBXGroup section */

/* Begin PBXNativeTarget section */
		9624DEF427689BBC00F42F23 /* To-DoList */ = {
			isa = PBXNativeTarget;
			buildConfigurationList = 9624DF1927689BBE00F42F23 /* Build configuration list for PBXNativeTarget "To-DoList" */;
			buildPhases = (
				9624DEF127689BBC00F42F23 /* Sources */,
				9624DEF227689BBC00F42F23 /* Frameworks */,
				9624DEF327689BBC00F42F23 /* Resources */,
			);
			buildRules = (
			);
			dependencies = (
			);
			name = "To-DoList";
			productName = "To-DoList";
			productReference = 9624DEF527689BBC00F42F23 /* To-DoList.app */;
			productType = "com.apple.product-type.application";
		};
		9624DF0427689BBE00F42F23 /* To-DoListTests */ = {
			isa = PBXNativeTarget;
			buildConfigurationList = 9624DF1C27689BBE00F42F23 /* Build configuration list for PBXNativeTarget "To-DoListTests" */;
			buildPhases = (
				9624DF0127689BBE00F42F23 /* Sources */,
				9624DF0227689BBE00F42F23 /* Frameworks */,
				9624DF0327689BBE00F42F23 /* Resources */,
			);
			buildRules = (
			);
			dependencies = (
				9624DF0727689BBE00F42F23 /* PBXTargetDependency */,
			);
			name = "To-DoListTests";
			productName = "To-DoListTests";
			productReference = 9624DF0527689BBE00F42F23 /* To-DoListTests.xctest */;
			productType = "com.apple.product-type.bundle.unit-test";
		};
		9624DF0E27689BBE00F42F23 /* To-DoListUITests */ = {
			isa = PBXNativeTarget;
			buildConfigurationList = 9624DF1F27689BBE00F42F23 /* Build configuration list for PBXNativeTarget "To-DoListUITests" */;
			buildPhases = (
				9624DF0B27689BBE00F42F23 /* Sources */,
				9624DF0C27689BBE00F42F23 /* Frameworks */,
				9624DF0D27689BBE00F42F23 /* Resources */,
			);
			buildRules = (
			);
			dependencies = (
				9624DF1127689BBE00F42F23 /* PBXTargetDependency */,
			);
			name = "To-DoListUITests";
			productName = "To-DoListUITests";
			productReference = 9624DF0F27689BBE00F42F23 /* To-DoListUITests.xctest */;
			productType = "com.apple.product-type.bundle.ui-testing";
		};
/* End PBXNativeTarget section */

/* Begin PBXProject section */
		9624DEED27689BBC00F42F23 /* Project object */ = {
			isa = PBXProject;
			attributes = {
				BuildIndependentTargetsInParallel = 1;
				LastSwiftUpdateCheck = 1310;
				LastUpgradeCheck = 1310;
				TargetAttributes = {
					9624DEF427689BBC00F42F23 = {
						CreatedOnToolsVersion = 13.1;
					};
					9624DF0427689BBE00F42F23 = {
						CreatedOnToolsVersion = 13.1;
						TestTargetID = 9624DEF427689BBC00F42F23;
					};
					9624DF0E27689BBE00F42F23 = {
						CreatedOnToolsVersion = 13.1;
						TestTargetID = 9624DEF427689BBC00F42F23;
					};
				};
			};
			buildConfigurationList = 9624DEF027689BBC00F42F23 /* Build configuration list for PBXProject "To-DoList" */;
			compatibilityVersion = "Xcode 13.0";
			developmentRegion = en;
			hasScannedForEncodings = 0;
			knownRegions = (
				en,
				Base,
			);
			mainGroup = 9624DEEC27689BBC00F42F23;
			productRefGroup = 9624DEF627689BBC00F42F23 /* Products */;
			projectDirPath = "";
			projectRoot = "";
			targets = (
				9624DEF427689BBC00F42F23 /* To-DoList */,
				9624DF0427689BBE00F42F23 /* To-DoListTests */,
				9624DF0E27689BBE00F42F23 /* To-DoListUITests */,
			);
		};
/* End PBXProject section */

/* Begin PBXResourcesBuildPhase section */
		9624DEF327689BBC00F42F23 /* Resources */ = {
			isa = PBXResourcesBuildPhase;
			buildActionMask = 2147483647;
			files = (
				9624DF0027689BBE00F42F23 /* Preview Assets.xcassets in Resources */,
				9624DEFD27689BBD00F42F23 /* Assets.xcassets in Resources */,
			);
			runOnlyForDeploymentPostprocessing = 0;
		};
		9624DF0327689BBE00F42F23 /* Resources */ = {
			isa = PBXResourcesBuildPhase;
			buildActionMask = 2147483647;
			files = (
			);
			runOnlyForDeploymentPostprocessing = 0;
		};
		9624DF0D27689BBE00F42F23 /* Resources */ = {
			isa = PBXResourcesBuildPhase;
			buildActionMask = 2147483647;
			files = (
			);
			runOnlyForDeploymentPostprocessing = 0;
		};
/* End PBXResourcesBuildPhase section */

/* Begin PBXSourcesBuildPhase section */
		9624DEF127689BBC00F42F23 /* Sources */ = {
			isa = PBXSourcesBuildPhase;
			buildActionMask = 2147483647;
			files = (
				9624DEFB27689BBC00F42F23 /* ContentView.swift in Sources */,
				9624DEF927689BBC00F42F23 /* To_DoListApp.swift in Sources */,
			);
			runOnlyForDeploymentPostprocessing = 0;
		};
		9624DF0127689BBE00F42F23 /* Sources */ = {
			isa = PBXSourcesBuildPhase;
			buildActionMask = 2147483647;
			files = (
				9624DF0A27689BBE00F42F23 /* To_DoListTests.swift in Sources */,
			);
			runOnlyForDeploymentPostprocessing = 0;
		};
		9624DF0B27689BBE00F42F23 /* Sources */ = {
			isa = PBXSourcesBuildPhase;
			buildActionMask = 2147483647;
			files = (
				9624DF1627689BBE00F42F23 /* To_DoListUITestsLaunchTests.swift in Sources */,
				9624DF1427689BBE00F42F23 /* To_DoListUITests.swift in Sources */,
			);
			runOnlyForDeploymentPostprocessing = 0;
		};
/* End PBXSourcesBuildPhase section */

/* Begin PBXTargetDependency section */
		9624DF0727689BBE00F42F23 /* PBXTargetDependency */ = {
			isa = PBXTargetDependency;
			target = 9624DEF427689BBC00F42F23 /* To-DoList */;
			targetProxy = 9624DF0627689BBE00F42F23 /* PBXContainerItemProxy */;
		};
		9624DF1127689BBE00F42F23 /* PBXTargetDependency */ = {
			isa = PBXTargetDependency;
			target = 9624DEF427689BBC00F42F23 /* To-DoList */;
			targetProxy = 9624DF1027689BBE00F42F23 /* PBXContainerItemProxy */;
		};
/* End PBXTargetDependency section */

/* Begin XCBuildConfiguration section */
		9624DF1727689BBE00F42F23 /* Debug */ = {
			isa = XCBuildConfiguration;
			buildSettings = {
				ALWAYS_SEARCH_USER_PATHS = NO;
				CLANG_ANALYZER_NONNULL = YES;
				CLANG_ANALYZER_NUMBER_OBJECT_CONVERSION = YES_AGGRESSIVE;
				CLANG_CXX_LANGUAGE_STANDARD = "gnu++17";
				CLANG_CXX_LIBRARY = "libc++";
				CLANG_ENABLE_MODULES = YES;
				CLANG_ENABLE_OBJC_ARC = YES;
				CLANG_ENABLE_OBJC_WEAK = YES;
				CLANG_WARN_BLOCK_CAPTURE_AUTORELEASING = YES;
				CLANG_WARN_BOOL_CONVERSION = YES;
				CLANG_WARN_COMMA = YES;
				CLANG_WARN_CONSTANT_CONVERSION = YES;
				CLANG_WARN_DEPRECATED_OBJC_IMPLEMENTATIONS = YES;
				CLANG_WARN_DIRECT_OBJC_ISA_USAGE = YES_ERROR;
				CLANG_WARN_DOCUMENTATION_COMMENTS = YES;
				CLANG_WARN_EMPTY_BODY = YES;
				CLANG_WARN_ENUM_CONVERSION = YES;
				CLANG_WARN_INFINITE_RECURSION = YES;
				CLANG_WARN_INT_CONVERSION = YES;
				CLANG_WARN_NON_LITERAL_NULL_CONVERSION = YES;
				CLANG_WARN_OBJC_IMPLICIT_RETAIN_SELF = YES;
				CLANG_WARN_OBJC_LITERAL_CONVERSION = YES;
				CLANG_WARN_OBJC_ROOT_CLASS = YES_ERROR;
				CLANG_WARN_QUOTED_INCLUDE_IN_FRAMEWORK_HEADER = YES;
				CLANG_WARN_RANGE_LOOP_ANALYSIS = YES;
				CLANG_WARN_STRICT_PROTOTYPES = YES;
				CLANG_WARN_SUSPICIOUS_MOVE = YES;
				CLANG_WARN_UNGUARDED_AVAILABILITY = YES_AGGRESSIVE;
				CLANG_WARN_UNREACHABLE_CODE = YES;
				CLANG_WARN__DUPLICATE_METHOD_MATCH = YES;
				COPY_PHASE_STRIP = NO;
				DEBUG_INFORMATION_FORMAT = dwarf;
				ENABLE_STRICT_OBJC_MSGSEND = YES;
				ENABLE_TESTABILITY = YES;
				GCC_C_LANGUAGE_STANDARD = gnu11;
				GCC_DYNAMIC_NO_PIC = NO;
				GCC_NO_COMMON_BLOCKS = YES;
				GCC_OPTIMIZATION_LEVEL = 0;
				GCC_PREPROCESSOR_DEFINITIONS = (
					"DEBUG=1",
					"$(inherited)",
				);
				GCC_WARN_64_TO_32_BIT_CONVERSION = YES;
				GCC_WARN_ABOUT_RETURN_TYPE = YES_ERROR;
				GCC_WARN_UNDECLARED_SELECTOR = YES;
				GCC_WARN_UNINITIALIZED_AUTOS = YES_AGGRESSIVE;
				GCC_WARN_UNUSED_FUNCTION = YES;
				GCC_WARN_UNUSED_VARIABLE = YES;
				IPHONEOS_DEPLOYMENT_TARGET = 15.0;
				MTL_ENABLE_DEBUG_INFO = INCLUDE_SOURCE;
				MTL_FAST_MATH = YES;
				ONLY_ACTIVE_ARCH = YES;
				SDKROOT = iphoneos;
				SWIFT_ACTIVE_COMPILATION_CONDITIONS = DEBUG;
				SWIFT_OPTIMIZATION_LEVEL = "-Onone";
			};
			name = Debug;
		};
		9624DF1827689BBE00F42F23 /* Release */ = {
			isa = XCBuildConfiguration;
			buildSettings = {
				ALWAYS_SEARCH_USER_PATHS = NO;
				CLANG_ANALYZER_NONNULL = YES;
				CLANG_ANALYZER_NUMBER_OBJECT_CONVERSION = YES_AGGRESSIVE;
				CLANG_CXX_LANGUAGE_STANDARD = "gnu++17";
				CLANG_CXX_LIBRARY = "libc++";
				CLANG_ENABLE_MODULES = YES;
				CLANG_ENABLE_OBJC_ARC = YES;
				CLANG_ENABLE_OBJC_WEAK = YES;
				CLANG_WARN_BLOCK_CAPTURE_AUTORELEASING = YES;
				CLANG_WARN_BOOL_CONVERSION = YES;
				CLANG_WARN_COMMA = YES;
				CLANG_WARN_CONSTANT_CONVERSION = YES;
				CLANG_WARN_DEPRECATED_OBJC_IMPLEMENTATIONS = YES;
				CLANG_WARN_DIRECT_OBJC_ISA_USAGE = YES_ERROR;
				CLANG_WARN_DOCUMENTATION_COMMENTS = YES;
				CLANG_WARN_EMPTY_BODY = YES;
				CLANG_WARN_ENUM_CONVERSION = YES;
				CLANG_WARN_INFINITE_RECURSION = YES;
				CLANG_WARN_INT_CONVERSION = YES;
				CLANG_WARN_NON_LITERAL_NULL_CONVERSION = YES;
				CLANG_WARN_OBJC_IMPLICIT_RETAIN_SELF = YES;
				CLANG_WARN_OBJC_LITERAL_CONVERSION = YES;
				CLANG_WARN_OBJC_ROOT_CLASS = YES_ERROR;
				CLANG_WARN_QUOTED_INCLUDE_IN_FRAMEWORK_HEADER = YES;
				CLANG_WARN_RANGE_LOOP_ANALYSIS = YES;
				CLANG_WARN_STRICT_PROTOTYPES = YES;
				CLANG_WARN_SUSPICIOUS_MOVE = YES;
				CLANG_WARN_UNGUARDED_AVAILABILITY = YES_AGGRESSIVE;
				CLANG_WARN_UNREACHABLE_CODE = YES;
				CLANG_WARN__DUPLICATE_METHOD_MATCH = YES;
				COPY_PHASE_STRIP = NO;
				DEBUG_INFORMATION_FORMAT = "dwarf-with-dsym";
				ENABLE_NS_ASSERTIONS = NO;
				ENABLE_STRICT_OBJC_MSGSEND = YES;
				GCC_C_LANGUAGE_STANDARD = gnu11;
				GCC_NO_COMMON_BLOCKS = YES;
				GCC_WARN_64_TO_32_BIT_CONVERSION = YES;
				GCC_WARN_ABOUT_RETURN_TYPE = YES_ERROR;
				GCC_WARN_UNDECLARED_SELECTOR = YES;
				GCC_WARN_UNINITIALIZED_AUTOS = YES_AGGRESSIVE;
				GCC_WARN_UNUSED_FUNCTION = YES;
				GCC_WARN_UNUSED_VARIABLE = YES;
				IPHONEOS_DEPLOYMENT_TARGET = 15.0;
				MTL_ENABLE_DEBUG_INFO = NO;
				MTL_FAST_MATH = YES;
				SDKROOT = iphoneos;
				SWIFT_COMPILATION_MODE = wholemodule;
				SWIFT_OPTIMIZATION_LEVEL = "-O";
				VALIDATE_PRODUCT = YES;
			};
			name = Release;
		};
		9624DF1A27689BBE00F42F23 /* Debug */ = {
			isa = XCBuildConfiguration;
			buildSettings = {
				ASSETCATALOG_COMPILER_APPICON_NAME = AppIcon;
				ASSETCATALOG_COMPILER_GLOBAL_ACCENT_COLOR_NAME = AccentColor;
				CODE_SIGN_STYLE = Automatic;
				CURRENT_PROJECT_VERSION = 1;
				DEVELOPMENT_ASSET_PATHS = "\"To-DoList/Preview Content\"";
				DEVELOPMENT_TEAM = JC6QL5GN68;
				ENABLE_PREVIEWS = YES;
				GENERATE_INFOPLIST_FILE = YES;
				INFOPLIST_KEY_UIApplicationSceneManifest_Generation = YES;
				INFOPLIST_KEY_UIApplicationSupportsIndirectInputEvents = YES;
				INFOPLIST_KEY_UILaunchScreen_Generation = YES;
				INFOPLIST_KEY_UISupportedInterfaceOrientations_iPad = "UIInterfaceOrientationPortrait UIInterfaceOrientationPortraitUpsideDown UIInterfaceOrientationLandscapeLeft UIInterfaceOrientationLandscapeRight";
				INFOPLIST_KEY_UISupportedInterfaceOrientations_iPhone = "UIInterfaceOrientationPortrait UIInterfaceOrientationLandscapeLeft UIInterfaceOrientationLandscapeRight";
				LD_RUNPATH_SEARCH_PATHS = (
					"$(inherited)",
					"@executable_path/Frameworks",
				);
				MARKETING_VERSION = 1.0;
				PRODUCT_BUNDLE_IDENTIFIER = "live.mazenkapadi.To-DoList";
				PRODUCT_NAME = "$(TARGET_NAME)";
				SWIFT_EMIT_LOC_STRINGS = YES;
				SWIFT_VERSION = 5.0;
				TARGETED_DEVICE_FAMILY = "1,2";
			};
			name = Debug;
		};
		9624DF1B27689BBE00F42F23 /* Release */ = {
			isa = XCBuildConfiguration;
			buildSettings = {
				ASSETCATALOG_COMPILER_APPICON_NAME = AppIcon;
				ASSETCATALOG_COMPILER_GLOBAL_ACCENT_COLOR_NAME = AccentColor;
				CODE_SIGN_STYLE = Automatic;
				CURRENT_PROJECT_VERSION = 1;
				DEVELOPMENT_ASSET_PATHS = "\"To-DoList/Preview Content\"";
				DEVELOPMENT_TEAM = JC6QL5GN68;
				ENABLE_PREVIEWS = YES;
				GENERATE_INFOPLIST_FILE = YES;
				INFOPLIST_KEY_UIApplicationSceneManifest_Generation = YES;
				INFOPLIST_KEY_UIApplicationSupportsIndirectInputEvents = YES;
				INFOPLIST_KEY_UILaunchScreen_Generation = YES;
				INFOPLIST_KEY_UISupportedInterfaceOrientations_iPad = "UIInterfaceOrientationPortrait UIInterfaceOrientationPortraitUpsideDown UIInterfaceOrientationLandscapeLeft UIInterfaceOrientationLandscapeRight";
				INFOPLIST_KEY_UISupportedInterfaceOrientations_iPhone = "UIInterfaceOrientationPortrait UIInterfaceOrientationLandscapeLeft UIInterfaceOrientationLandscapeRight";
				LD_RUNPATH_SEARCH_PATHS = (
					"$(inherited)",
					"@executable_path/Frameworks",
				);
				MARKETING_VERSION = 1.0;
				PRODUCT_BUNDLE_IDENTIFIER = "live.mazenkapadi.To-DoList";
				PRODUCT_NAME = "$(TARGET_NAME)";
				SWIFT_EMIT_LOC_STRINGS = YES;
				SWIFT_VERSION = 5.0;
				TARGETED_DEVICE_FAMILY = "1,2";
			};
			name = Release;
		};
		9624DF1D27689BBE00F42F23 /* Debug */ = {
			isa = XCBuildConfiguration;
			buildSettings = {
				ALWAYS_EMBED_SWIFT_STANDARD_LIBRARIES = YES;
				BUNDLE_LOADER = "$(TEST_HOST)";
				CODE_SIGN_STYLE = Automatic;
				CURRENT_PROJECT_VERSION = 1;
				DEVELOPMENT_TEAM = JC6QL5GN68;
				GENERATE_INFOPLIST_FILE = YES;
				IPHONEOS_DEPLOYMENT_TARGET = 15.0;
				LD_RUNPATH_SEARCH_PATHS = (
					"$(inherited)",
					"@executable_path/Frameworks",
					"@loader_path/Frameworks",
				);
				MARKETING_VERSION = 1.0;
				PRODUCT_BUNDLE_IDENTIFIER = "live.mazenkapadi.To-DoListTests";
				PRODUCT_NAME = "$(TARGET_NAME)";
				SWIFT_EMIT_LOC_STRINGS = NO;
				SWIFT_VERSION = 5.0;
				TARGETED_DEVICE_FAMILY = "1,2";
				TEST_HOST = "$(BUILT_PRODUCTS_DIR)/To-DoList.app/To-DoList";
			};
			name = Debug;
		};
		9624DF1E27689BBE00F42F23 /* Release */ = {
			isa = XCBuildConfiguration;
			buildSettings = {
				ALWAYS_EMBED_SWIFT_STANDARD_LIBRARIES = YES;
				BUNDLE_LOADER = "$(TEST_HOST)";
				CODE_SIGN_STYLE = Automatic;
				CURRENT_PROJECT_VERSION = 1;
				DEVELOPMENT_TEAM = JC6QL5GN68;
				GENERATE_INFOPLIST_FILE = YES;
				IPHONEOS_DEPLOYMENT_TARGET = 15.0;
				LD_RUNPATH_SEARCH_PATHS = (
					"$(inherited)",
					"@executable_path/Frameworks",
					"@loader_path/Frameworks",
				);
				MARKETING_VERSION = 1.0;
				PRODUCT_BUNDLE_IDENTIFIER = "live.mazenkapadi.To-DoListTests";
				PRODUCT_NAME = "$(TARGET_NAME)";
				SWIFT_EMIT_LOC_STRINGS = NO;
				SWIFT_VERSION = 5.0;
				TARGETED_DEVICE_FAMILY = "1,2";
				TEST_HOST = "$(BUILT_PRODUCTS_DIR)/To-DoList.app/To-DoList";
			};
			name = Release;
		};
		9624DF2027689BBE00F42F23 /* Debug */ = {
			isa = XCBuildConfiguration;
			buildSettings = {
				ALWAYS_EMBED_SWIFT_STANDARD_LIBRARIES = YES;
				CODE_SIGN_STYLE = Automatic;
				CURRENT_PROJECT_VERSION = 1;
				DEVELOPMENT_TEAM = JC6QL5GN68;
				GENERATE_INFOPLIST_FILE = YES;
				LD_RUNPATH_SEARCH_PATHS = (
					"$(inherited)",
					"@executable_path/Frameworks",
					"@loader_path/Frameworks",
				);
				MARKETING_VERSION = 1.0;
				PRODUCT_BUNDLE_IDENTIFIER = "live.mazenkapadi.To-DoListUITests";
				PRODUCT_NAME = "$(TARGET_NAME)";
				SWIFT_EMIT_LOC_STRINGS = NO;
				SWIFT_VERSION = 5.0;
				TARGETED_DEVICE_FAMILY = "1,2";
				TEST_TARGET_NAME = "To-DoList";
			};
			name = Debug;
		};
		9624DF2127689BBE00F42F23 /* Release */ = {
			isa = XCBuildConfiguration;
			buildSettings = {
				ALWAYS_EMBED_SWIFT_STANDARD_LIBRARIES = YES;
				CODE_SIGN_STYLE = Automatic;
				CURRENT_PROJECT_VERSION = 1;
				DEVELOPMENT_TEAM = JC6QL5GN68;
				GENERATE_INFOPLIST_FILE = YES;
				LD_RUNPATH_SEARCH_PATHS = (
					"$(inherited)",
					"@executable_path/Frameworks",
					"@loader_path/Frameworks",
				);
				MARKETING_VERSION = 1.0;
				PRODUCT_BUNDLE_IDENTIFIER = "live.mazenkapadi.To-DoListUITests";
				PRODUCT_NAME = "$(TARGET_NAME)";
				SWIFT_EMIT_LOC_STRINGS = NO;
				SWIFT_VERSION = 5.0;
				TARGETED_DEVICE_FAMILY = "1,2";
				TEST_TARGET_NAME = "To-DoList";
			};
			name = Release;
		};
/* End XCBuildConfiguration section */

/* Begin XCConfigurationList section */
		9624DEF027689BBC00F42F23 /* Build configuration list for PBXProject "To-DoList" */ = {
			isa = XCConfigurationList;
			buildConfigurations = (
				9624DF1727689BBE00F42F23 /* Debug */,
				9624DF1827689BBE00F42F23 /* Release */,
			);
			defaultConfigurationIsVisible = 0;
			defaultConfigurationName = Release;
		};
		9624DF1927689BBE00F42F23 /* Build configuration list for PBXNativeTarget "To-DoList" */ = {
			isa = XCConfigurationList;
			buildConfigurations = (
				9624DF1A27689BBE00F42F23 /* Debug */,
				9624DF1B27689BBE00F42F23 /* Release */,
			);
			defaultConfigurationIsVisible = 0;
			defaultConfigurationName = Release;
		};
		9624DF1C27689BBE00F42F23 /* Build configuration list for PBXNativeTarget "To-DoListTests" */ = {
			isa = XCConfigurationList;
			buildConfigurations = (
				9624DF1D27689BBE00F42F23 /* Debug */,
				9624DF1E27689BBE00F42F23 /* Release */,
			);
			defaultConfigurationIsVisible = 0;
			defaultConfigurationName = Release;
		};
		9624DF1F27689BBE00F42F23 /* Build configuration list for PBXNativeTarget "To-DoListUITests" */ = {
			isa = XCConfigurationList;
			buildConfigurations = (
				9624DF2027689BBE00F42F23 /* Debug */,
				9624DF2127689BBE00F42F23 /* Release */,
			);
			defaultConfigurationIsVisible = 0;
			defaultConfigurationName = Release;
		};
/* End XCConfigurationList section */
	};
	rootObject = 9624DEED27689BBC00F42F23 /* Project object */;
}
